<?xml version="1.0" encoding="utf-8"?>
<Project ToolsVersion="4.0" xmlns="http://schemas.microsoft.com/developer/msbuild/2003">
  <ItemGroup>
    <Filter Include="Source Files">
      <UniqueIdentifier>{4FC737F1-C7A5-4376-A066-2A32D752A2FF}</UniqueIdentifier>
      <Extensions>cpp;c;cc;cxx;def;odl;idl;hpj;bat;asm;asmx</Extensions>
    </Filter>
    <Filter Include="Header Files">
      <UniqueIdentifier>{93995380-89BD-4b04-88EB-625FBE52EBFB}</UniqueIdentifier>
      <Extensions>h;hh;hpp;hxx;hm;inl;inc;xsd</Extensions>
    </Filter>
    <Filter Include="Resource Files">
      <UniqueIdentifier>{67DA6AB6-F800-4c08-8B7A-83BB121AAD01}</UniqueIdentifier>
      <Extensions>rc;ico;cur;bmp;dlg;rc2;rct;bin;rgs;gif;jpg;jpeg;jpe;resx;tiff;tif;png;wav;mfcribbon-ms</Extensions>
    </Filter>
    <Filter Include="Resource Files\Shaders">
      <UniqueIdentifier>{36f42b50-2400-4e78-97d3-c04c744652a3}</UniqueIdentifier>
    </Filter>
    <Filter Include="Resource Files\CoreStructures">
      <UniqueIdentifier>{fe980ebc-918b-4f37-bb9d-d23eff876f95}</UniqueIdentifier>
    </Filter>
    <Filter Include="Resource Files\CoreStructures\Headers">
      <UniqueIdentifier>{a4826d2a-d70d-4fb3-96ea-333c9b886a5d}</UniqueIdentifier>
    </Filter>
    <Filter Include="Resource Files\CoreStructures\Sources">
      <UniqueIdentifier>{eaf73aaa-e5a4-4125-b350-d998b64e2408}</UniqueIdentifier>
    </Filter>
    <Filter Include="Resource Files\Shaders\BasicShader">
      <UniqueIdentifier>{f6a88433-92c9-440b-a032-1a03e29f7b93}</UniqueIdentifier>
    </Filter>
    <Filter Include="Resource Files\Shaders\Skybox">
      <UniqueIdentifier>{ab3daa72-b57d-4ee0-bb40-142c9578a0c1}</UniqueIdentifier>
    </Filter>
    <Filter Include="Resource Files\Shaders\Depth">
      <UniqueIdentifier>{f6e58607-2544-4edc-84dc-66d8e6da4e46}</UniqueIdentifier>
    </Filter>
    <Filter Include="Resource Files\Shaders\BasicDepth">
      <UniqueIdentifier>{ce35e762-9139-4196-b120-cbdbcb9165d7}</UniqueIdentifier>
    </Filter>
    <Filter Include="Resource Files\Shaders\DebugDepth">
      <UniqueIdentifier>{dfce7e90-5afa-45a5-8934-bc780ae3d6e8}</UniqueIdentifier>
    </Filter>
    <Filter Include="Resource Files\Shaders\BasicImg">
      <UniqueIdentifier>{5fa173c7-ae3e-43dd-a338-299242b642cc}</UniqueIdentifier>
    </Filter>
  </ItemGroup>
  <ItemGroup>
    <ClCompile Include="Source.cpp">
      <Filter>Source Files</Filter>
    </ClCompile>
    <ClCompile Include="glad.c">
      <Filter>Resource Files</Filter>
    </ClCompile>
    <ClCompile Include="..\..\OpenGL\Resources\CoreStructures\Camera.cpp">
      <Filter>Resource Files\CoreStructures\Sources</Filter>
    </ClCompile>
    <ClCompile Include="..\..\OpenGL\Resources\CoreStructures\Mesh.cpp">
      <Filter>Resource Files\CoreStructures\Sources</Filter>
    </ClCompile>
    <ClCompile Include="..\..\OpenGL\Resources\CoreStructures\Model.cpp">
      <Filter>Resource Files\CoreStructures\Sources</Filter>
    </ClCompile>
    <ClCompile Include="..\..\OpenGL\Resources\CoreStructures\ShaderLoader.cpp">
      <Filter>Resource Files\CoreStructures\Sources</Filter>
    </ClCompile>
    <ClCompile Include="..\..\OpenGL\Resources\CoreStructures\TextureLoader.cpp">
      <Filter>Resource Files\CoreStructures\Sources</Filter>
    </ClCompile>
    <ClCompile Include="..\..\OpenGL\Resources\CoreStructures\Timer.cpp">
      <Filter>Resource Files\CoreStructures\Sources</Filter>
    </ClCompile>
    <ClCompile Include="Shader.cpp">
      <Filter>Source Files</Filter>
    </ClCompile>
  </ItemGroup>
  <ItemGroup>
    <ClInclude Include="Includes.h">
      <Filter>Resource Files</Filter>
    </ClInclude>
    <ClInclude Include="..\..\OpenGL\Resources\CoreStructures\Camera.h">
      <Filter>Resource Files\CoreStructures\Headers</Filter>
    </ClInclude>
    <ClInclude Include="..\..\OpenGL\Resources\CoreStructures\Model.h">
      <Filter>Resource Files\CoreStructures\Headers</Filter>
    </ClInclude>
    <ClInclude Include="..\..\OpenGL\Resources\CoreStructures\Mesh.h">
      <Filter>Resource Files\CoreStructures\Headers</Filter>
    </ClInclude>
    <ClInclude Include="..\..\OpenGL\Resources\CoreStructures\ShaderLoader.h">
      <Filter>Resource Files\CoreStructures\Headers</Filter>
    </ClInclude>
    <ClInclude Include="..\..\OpenGL\Resources\CoreStructures\stb_image.h">
      <Filter>Resource Files\CoreStructures\Headers</Filter>
    </ClInclude>
    <ClInclude Include="..\..\OpenGL\Resources\CoreStructures\TextureLoader.h">
      <Filter>Resource Files\CoreStructures\Headers</Filter>
    </ClInclude>
    <ClInclude Include="..\..\OpenGL\Resources\CoreStructures\Timer.h">
      <Filter>Resource Files\CoreStructures\Headers</Filter>
    </ClInclude>
    <ClInclude Include="Shader.h">
      <Filter>Header Files</Filter>
    </ClInclude>
  </ItemGroup>
  <ItemGroup>
    <None Include="Resources\Shaders\basic_frag.glsl">
      <Filter>Resource Files\Shaders\BasicShader</Filter>
    </None>
    <None Include="Resources\Shaders\basic_vert.glsl">
      <Filter>Resource Files\Shaders\BasicShader</Filter>
    </None>
    <None Include="Resources\Shaders\skybox_frag.glsl">
      <Filter>Resource Files\Shaders\Skybox</Filter>
    </None>
    <None Include="Resources\Shaders\skybox_vert.glsl">
      <Filter>Resource Files\Shaders\Skybox</Filter>
    </None>
    <None Include="Resources\Shaders\depth_frag.glsl">
      <Filter>Resource Files\Shaders\Depth</Filter>
    </None>
    <None Include="Resources\Shaders\depth_vert.glsl">
      <Filter>Resource Files\Shaders\Depth</Filter>
    </None>
    <None Include="Resources\Shaders\basic_depth_frag.glsl">
      <Filter>Resource Files\Shaders\BasicDepth</Filter>
    </None>
    <None Include="Resources\Shaders\basic_depth_vert.glsl">
      <Filter>Resource Files\Shaders\BasicDepth</Filter>
    </None>
    <None Include="Resources\Shaders\debug_depth_vert.glsl">
      <Filter>Resource Files\Shaders\DebugDepth</Filter>
    </None>
    <None Include="Resources\Shaders\debug_depth_frag.glsl">
      <Filter>Resource Files\Shaders\DebugDepth</Filter>
    </None>
    <None Include="Resources\Shaders\basic_img_frag.glsl">
      <Filter>Resource Files\Shaders\BasicImg</Filter>
    </None>
    <None Include="Resources\Shaders\basic_img_vert.glsl">
      <Filter>Resource Files\Shaders\BasicImg</Filter>
    </None>
  </ItemGroup>
</Project>